
Microsoft Visual Studio Solution File, Format Version 12.00
# Visual Studio Version 17
VisualStudioVersion = 17.5.33530.505
MinimumVisualStudioVersion = 10.0.40219.1
Project("{FAE04EC0-301F-11D3-BF4B-00C04F79EFBC}") = "GoogleMapInAspNet", "GoogleMapInAspNet\GoogleMapInAspNet.csproj", "{B9EF6E88-0BD5-4E9E-B21B-31461823E5EE}"
EndProject
Global
	GlobalSection(SolutionConfigurationPlatforms) = preSolution
		Debug|Any CPU = Debug|Any CPU
		Release|Any CPU = Release|Any CPU
	EndGlobalSection
	GlobalSection(ProjectConfigurationPlatforms) = postSolution
		{B9EF6E88-0BD5-4E9E-B21B-31461823E5EE}.Debug|Any CPU.ActiveCfg = Debug|Any CPU
		{B9EF6E88-0BD5-4E9E-B21B-31461823E5EE}.Debug|Any CPU.Build.0 = Debug|Any CPU
		{B9EF6E88-0BD5-4E9E-B21B-31461823E5EE}.Release|Any CPU.ActiveCfg = Release|Any CPU
		{B9EF6E88-0BD5-4E9E-B21B-31461823E5EE}.Release|Any CPU.Build.0 = Release|Any CPU
	EndGlobalSection
	GlobalSection(SolutionProperties) = preSolution
		HideSolutionNode = FALSE
	EndGlobalSection
	GlobalSection(ExtensibilityGlobals) = postSolution
		SolutionGuid = {142B338E-431A-423D-8DCE-7404D3EC78ED}
	EndGlobalSection
EndGlobal
